
Microsoft Visual Studio Solution File, Format Version 12.00
# Visual Studio 15
VisualStudioVersion = 15.0.28307.779
MinimumVisualStudioVersion = 10.0.40219.1
Project("{FAE04EC0-301F-11D3-BF4B-00C04F79EFBC}") = "AddTerminalToMenu", "AddTerminalToMenu\AddTerminalToMenu.csproj", "{A49A3942-8B67-43B8-807D-5D72E5136A41}"
EndProject
Global
	GlobalSection(SolutionConfigurationPlatforms) = preSolution
		Debug|Any CPU = Debug|Any CPU
		Release|Any CPU = Release|Any CPU
	EndGlobalSection
	GlobalSection(ProjectConfigurationPlatforms) = postSolution
		{A49A3942-8B67-43B8-807D-5D72E5136A41}.Debug|Any CPU.ActiveCfg = Debug|Any CPU
		{A49A3942-8B67-43B8-807D-5D72E5136A41}.Debug|Any CPU.Build.0 = Debug|Any CPU
		{A49A3942-8B67-43B8-807D-5D72E5136A41}.Release|Any CPU.ActiveCfg = Release|Any CPU
		{A49A3942-8B67-43B8-807D-5D72E5136A41}.Release|Any CPU.Build.0 = Release|Any CPU
	EndGlobalSection
	GlobalSection(SolutionProperties) = preSolution
		HideSolutionNode = FALSE
	EndGlobalSection
	GlobalSection(ExtensibilityGlobals) = postSolution
		SolutionGuid = {FF979FF5-4E38-46FC-B9C8-BB3E377F2665}
	EndGlobalSection
EndGlobal
